
Microsoft Visual Studio Solution File, Format Version 12.00
# Visual Studio Version 17
VisualStudioVersion = 17.7.34031.279
MinimumVisualStudioVersion = 10.0.40219.1
Project("{FAE04EC0-301F-11D3-BF4B-00C04F79EFBC}") = "AK Project 41 Рефакторинг фильмов", "AK Project 41 Рефакторинг фильмов\AK Project 41 Рефакторинг фильмов.csproj", "{FF9B9EE7-587F-4723-B2DD-C1473489D69C}"
EndProject
Global
	GlobalSection(SolutionConfigurationPlatforms) = preSolution
		Debug|Any CPU = Debug|Any CPU
		Release|Any CPU = Release|Any CPU
	EndGlobalSection
	GlobalSection(ProjectConfigurationPlatforms) = postSolution
		{FF9B9EE7-587F-4723-B2DD-C1473489D69C}.Debug|Any CPU.ActiveCfg = Debug|Any CPU
		{FF9B9EE7-587F-4723-B2DD-C1473489D69C}.Debug|Any CPU.Build.0 = Debug|Any CPU
		{FF9B9EE7-587F-4723-B2DD-C1473489D69C}.Release|Any CPU.ActiveCfg = Release|Any CPU
		{FF9B9EE7-587F-4723-B2DD-C1473489D69C}.Release|Any CPU.Build.0 = Release|Any CPU
	EndGlobalSection
	GlobalSection(SolutionProperties) = preSolution
		HideSolutionNode = FALSE
	EndGlobalSection
	GlobalSection(ExtensibilityGlobals) = postSolution
		SolutionGuid = {6B4CFCDA-A8C8-4030-8828-9264866F47C9}
	EndGlobalSection
EndGlobal
